
Microsoft Visual Studio Solution File, Format Version 12.00
# Visual Studio Version 16
VisualStudioVersion = 16.0.30717.126
MinimumVisualStudioVersion = 10.0.40219.1
Project("{FAE04EC0-301F-11D3-BF4B-00C04F79EFBC}") = "NetworkRenameTool", "NetworkRenameTool.csproj", "{1B2C3A01-74BE-46A1-9626-2C7F7A0D8520}"
	ProjectSection(ProjectDependencies) = postProject
		{5F05FDC8-88F6-4196-8B0A-FADAB9383ED2} = {5F05FDC8-88F6-4196-8B0A-FADAB9383ED2}
	EndProjectSection
EndProject
Project("{9A19103F-16F7-4668-BE54-9A1E7A4F7556}") = "Vanara.PInvoke.IpHlpApi", "IpHlpApi\Vanara.PInvoke.IpHlpApi.csproj", "{5F05FDC8-88F6-4196-8B0A-FADAB9383ED2}"
EndProject
Global
	GlobalSection(SolutionConfigurationPlatforms) = preSolution
		Debug|Any CPU = Debug|Any CPU
		Release|Any CPU = Release|Any CPU
	EndGlobalSection
	GlobalSection(ProjectConfigurationPlatforms) = postSolution
		{1B2C3A01-74BE-46A1-9626-2C7F7A0D8520}.Debug|Any CPU.ActiveCfg = Debug|Any CPU
		{1B2C3A01-74BE-46A1-9626-2C7F7A0D8520}.Debug|Any CPU.Build.0 = Debug|Any CPU
		{1B2C3A01-74BE-46A1-9626-2C7F7A0D8520}.Release|Any CPU.ActiveCfg = Release|Any CPU
		{1B2C3A01-74BE-46A1-9626-2C7F7A0D8520}.Release|Any CPU.Build.0 = Release|Any CPU
		{5F05FDC8-88F6-4196-8B0A-FADAB9383ED2}.Debug|Any CPU.ActiveCfg = Debug|Any CPU
		{5F05FDC8-88F6-4196-8B0A-FADAB9383ED2}.Debug|Any CPU.Build.0 = Debug|Any CPU
		{5F05FDC8-88F6-4196-8B0A-FADAB9383ED2}.Release|Any CPU.ActiveCfg = Release|Any CPU
		{5F05FDC8-88F6-4196-8B0A-FADAB9383ED2}.Release|Any CPU.Build.0 = Release|Any CPU
	EndGlobalSection
	GlobalSection(SolutionProperties) = preSolution
		HideSolutionNode = FALSE
	EndGlobalSection
	GlobalSection(ExtensibilityGlobals) = postSolution
		SolutionGuid = {9CD810E2-E9F5-40AC-89D5-631F4B7E4244}
	EndGlobalSection
EndGlobal
